
Microsoft Visual Studio Solution File, Format Version 12.00
# Visual Studio Version 17
VisualStudioVersion = 17.11.35222.181
MinimumVisualStudioVersion = 10.0.40219.1
Project("{2150E333-8FDC-42A3-9474-1A3956D46DE8}") = "src", "src", "{06755E56-BF6F-45C1-AE33-DB3B17D15E9C}"
EndProject
Project("{2150E333-8FDC-42A3-9474-1A3956D46DE8}") = "tests", "tests", "{A5C7D149-4677-4831-BD72-803D51F9EF67}"
EndProject
Project("{2150E333-8FDC-42A3-9474-1A3956D46DE8}") = "scripts", "scripts", "{3DABD08C-3390-49DC-A369-C1AAAF29D247}"
	ProjectSection(SolutionItems) = preProject
		docker-compose.yml = docker-compose.yml
	EndProjectSection
EndProject
Project("{9A19103F-16F7-4668-BE54-9A1E7A4F7556}") = "Infra", "src\Infra\Infra.csproj", "{FFBE855D-5566-42BC-98DC-939ACA29C8DF}"
EndProject
Project("{9A19103F-16F7-4668-BE54-9A1E7A4F7556}") = "Compartilhado", "src\Compartilhado\Compartilhado.csproj", "{0BDBD8D5-769A-426C-8AB6-9C760C9675EC}"
EndProject
Project("{9A19103F-16F7-4668-BE54-9A1E7A4F7556}") = "WebApi", "src\WebApi\WebApi.csproj", "{FF1CF625-F1DE-4096-B717-340C4043E11B}"
EndProject
Project("{9A19103F-16F7-4668-BE54-9A1E7A4F7556}") = "Dominio", "src\Dominio\Dominio.csproj", "{ED0D74B9-1897-4273-A1BF-026DF76773E6}"
EndProject
Project("{9A19103F-16F7-4668-BE54-9A1E7A4F7556}") = "Aplicacao", "src\Aplicacao\Aplicacao.csproj", "{CEF1A90C-7F4B-4FE8-B9FA-1EDF4E3E5405}"
EndProject
Project("{9A19103F-16F7-4668-BE54-9A1E7A4F7556}") = "Infra.Testes", "tests\Infra.Testes\Infra.Testes.csproj", "{6D4F7610-DAB8-4D22-AEDD-A1D34D104D32}"
EndProject
Global
	GlobalSection(SolutionConfigurationPlatforms) = preSolution
		Debug|Any CPU = Debug|Any CPU
		Release|Any CPU = Release|Any CPU
	EndGlobalSection
	GlobalSection(ProjectConfigurationPlatforms) = postSolution
		{FFBE855D-5566-42BC-98DC-939ACA29C8DF}.Debug|Any CPU.ActiveCfg = Debug|Any CPU
		{FFBE855D-5566-42BC-98DC-939ACA29C8DF}.Debug|Any CPU.Build.0 = Debug|Any CPU
		{FFBE855D-5566-42BC-98DC-939ACA29C8DF}.Release|Any CPU.ActiveCfg = Release|Any CPU
		{FFBE855D-5566-42BC-98DC-939ACA29C8DF}.Release|Any CPU.Build.0 = Release|Any CPU
		{0BDBD8D5-769A-426C-8AB6-9C760C9675EC}.Debug|Any CPU.ActiveCfg = Debug|Any CPU
		{0BDBD8D5-769A-426C-8AB6-9C760C9675EC}.Debug|Any CPU.Build.0 = Debug|Any CPU
		{0BDBD8D5-769A-426C-8AB6-9C760C9675EC}.Release|Any CPU.ActiveCfg = Release|Any CPU
		{0BDBD8D5-769A-426C-8AB6-9C760C9675EC}.Release|Any CPU.Build.0 = Release|Any CPU
		{FF1CF625-F1DE-4096-B717-340C4043E11B}.Debug|Any CPU.ActiveCfg = Debug|Any CPU
		{FF1CF625-F1DE-4096-B717-340C4043E11B}.Debug|Any CPU.Build.0 = Debug|Any CPU
		{FF1CF625-F1DE-4096-B717-340C4043E11B}.Release|Any CPU.ActiveCfg = Release|Any CPU
		{FF1CF625-F1DE-4096-B717-340C4043E11B}.Release|Any CPU.Build.0 = Release|Any CPU
		{ED0D74B9-1897-4273-A1BF-026DF76773E6}.Debug|Any CPU.ActiveCfg = Debug|Any CPU
		{ED0D74B9-1897-4273-A1BF-026DF76773E6}.Debug|Any CPU.Build.0 = Debug|Any CPU
		{ED0D74B9-1897-4273-A1BF-026DF76773E6}.Release|Any CPU.ActiveCfg = Release|Any CPU
		{ED0D74B9-1897-4273-A1BF-026DF76773E6}.Release|Any CPU.Build.0 = Release|Any CPU
		{CEF1A90C-7F4B-4FE8-B9FA-1EDF4E3E5405}.Debug|Any CPU.ActiveCfg = Debug|Any CPU
		{CEF1A90C-7F4B-4FE8-B9FA-1EDF4E3E5405}.Debug|Any CPU.Build.0 = Debug|Any CPU
		{CEF1A90C-7F4B-4FE8-B9FA-1EDF4E3E5405}.Release|Any CPU.ActiveCfg = Release|Any CPU
		{CEF1A90C-7F4B-4FE8-B9FA-1EDF4E3E5405}.Release|Any CPU.Build.0 = Release|Any CPU
		{6D4F7610-DAB8-4D22-AEDD-A1D34D104D32}.Debug|Any CPU.ActiveCfg = Debug|Any CPU
		{6D4F7610-DAB8-4D22-AEDD-A1D34D104D32}.Debug|Any CPU.Build.0 = Debug|Any CPU
		{6D4F7610-DAB8-4D22-AEDD-A1D34D104D32}.Release|Any CPU.ActiveCfg = Release|Any CPU
		{6D4F7610-DAB8-4D22-AEDD-A1D34D104D32}.Release|Any CPU.Build.0 = Release|Any CPU
	EndGlobalSection
	GlobalSection(SolutionProperties) = preSolution
		HideSolutionNode = FALSE
	EndGlobalSection
	GlobalSection(NestedProjects) = preSolution
		{FFBE855D-5566-42BC-98DC-939ACA29C8DF} = {06755E56-BF6F-45C1-AE33-DB3B17D15E9C}
		{0BDBD8D5-769A-426C-8AB6-9C760C9675EC} = {06755E56-BF6F-45C1-AE33-DB3B17D15E9C}
		{FF1CF625-F1DE-4096-B717-340C4043E11B} = {06755E56-BF6F-45C1-AE33-DB3B17D15E9C}
		{ED0D74B9-1897-4273-A1BF-026DF76773E6} = {06755E56-BF6F-45C1-AE33-DB3B17D15E9C}
		{CEF1A90C-7F4B-4FE8-B9FA-1EDF4E3E5405} = {06755E56-BF6F-45C1-AE33-DB3B17D15E9C}
		{6D4F7610-DAB8-4D22-AEDD-A1D34D104D32} = {A5C7D149-4677-4831-BD72-803D51F9EF67}
	EndGlobalSection
	GlobalSection(ExtensibilityGlobals) = postSolution
		SolutionGuid = {A2673811-54B6-4A46-AFA1-D33B899316A4}
	EndGlobalSection
EndGlobal
